
Microsoft Visual Studio Solution File, Format Version 12.00
# Visual Studio Version 17
VisualStudioVersion = 17.14.36203.30 d17.14
MinimumVisualStudioVersion = 10.0.40219.1
Project("{888888A0-9F3D-457C-B088-3A5042F75D52}") = "quiz 1", "quiz 1\quiz 1.pyproj", "{BB6A1059-9590-4149-9B20-4AFA479F51AC}"
EndProject
Global
	GlobalSection(SolutionConfigurationPlatforms) = preSolution
		Debug|Any CPU = Debug|Any CPU
		Release|Any CPU = Release|Any CPU
	EndGlobalSection
	GlobalSection(ProjectConfigurationPlatforms) = postSolution
		{BB6A1059-9590-4149-9B20-4AFA479F51AC}.Debug|Any CPU.ActiveCfg = Debug|Any CPU
		{BB6A1059-9590-4149-9B20-4AFA479F51AC}.Release|Any CPU.ActiveCfg = Release|Any CPU
	EndGlobalSection
	GlobalSection(SolutionProperties) = preSolution
		HideSolutionNode = FALSE
	EndGlobalSection
	GlobalSection(ExtensibilityGlobals) = postSolution
		SolutionGuid = {20F26D7B-A96D-4902-8EF6-00C8A52DCC64}
	EndGlobalSection
EndGlobal
