
Microsoft Visual Studio Solution File, Format Version 12.00
# Visual Studio Version 17
VisualStudioVersion = 17.14.36203.30 d17.14
MinimumVisualStudioVersion = 10.0.40219.1
Project("{888888A0-9F3D-457C-B088-3A5042F75D52}") = "inventory manager", "inventory manager\inventory manager.pyproj", "{B1253AC8-FD99-4008-9964-02A52B2473A5}"
EndProject
Global
	GlobalSection(SolutionConfigurationPlatforms) = preSolution
		Debug|Any CPU = Debug|Any CPU
		Release|Any CPU = Release|Any CPU
	EndGlobalSection
	GlobalSection(ProjectConfigurationPlatforms) = postSolution
		{B1253AC8-FD99-4008-9964-02A52B2473A5}.Debug|Any CPU.ActiveCfg = Debug|Any CPU
		{B1253AC8-FD99-4008-9964-02A52B2473A5}.Release|Any CPU.ActiveCfg = Release|Any CPU
	EndGlobalSection
	GlobalSection(SolutionProperties) = preSolution
		HideSolutionNode = FALSE
	EndGlobalSection
	GlobalSection(ExtensibilityGlobals) = postSolution
		SolutionGuid = {2DA52AE0-434A-4919-AD9E-25744AC9AF7E}
	EndGlobalSection
EndGlobal
