
Microsoft Visual Studio Solution File, Format Version 12.00
# Visual Studio Version 17
VisualStudioVersion = 17.14.36203.30 d17.14
MinimumVisualStudioVersion = 10.0.40219.1
Project("{888888A0-9F3D-457C-B088-3A5042F75D52}") = "fileanalyzer", "fileanalyzer\fileanalyzer.pyproj", "{DFF52F73-7DD2-49E7-804C-76F371F273BC}"
EndProject
Global
	GlobalSection(SolutionConfigurationPlatforms) = preSolution
		Debug|Any CPU = Debug|Any CPU
		Release|Any CPU = Release|Any CPU
	EndGlobalSection
	GlobalSection(ProjectConfigurationPlatforms) = postSolution
		{DFF52F73-7DD2-49E7-804C-76F371F273BC}.Debug|Any CPU.ActiveCfg = Debug|Any CPU
		{DFF52F73-7DD2-49E7-804C-76F371F273BC}.Release|Any CPU.ActiveCfg = Release|Any CPU
	EndGlobalSection
	GlobalSection(SolutionProperties) = preSolution
		HideSolutionNode = FALSE
	EndGlobalSection
	GlobalSection(ExtensibilityGlobals) = postSolution
		SolutionGuid = {97FCFEAA-77D8-4892-99A2-6F5B8BEB5836}
	EndGlobalSection
EndGlobal
